
Microsoft Visual Studio Solution File, Format Version 12.00
# Visual Studio 2013
VisualStudioVersion = 12.0.30110.0
MinimumVisualStudioVersion = 10.0.40219.1
Project("{FAE04EC0-301F-11D3-BF4B-00C04F79EFBC}") = "Typograph", "Typograph\Typograph.csproj", "{2E585DB7-31B3-4821-B20E-DA67F3A4CB1E}"
EndProject
Project("{2150E333-8FDC-42A3-9474-1A3956D46DE8}") = ".nuget", ".nuget", "{625E6259-4F47-4168-9349-A0E82C9F46BF}"
	ProjectSection(SolutionItems) = preProject
		.nuget\NuGet.Config = .nuget\NuGet.Config
		.nuget\NuGet.exe = .nuget\NuGet.exe
		.nuget\NuGet.targets = .nuget\NuGet.targets
	EndProjectSection
EndProject
Project("{2150E333-8FDC-42A3-9474-1A3956D46DE8}") = "Solution Items", "Solution Items", "{FC8238F2-D9B7-48BB-9B45-1B056697E8B8}"
	ProjectSection(SolutionItems) = preProject
		LICENSE = LICENSE
		README.md = README.md
	EndProjectSection
EndProject
Global
	GlobalSection(SolutionConfigurationPlatforms) = preSolution
		Debug|Any CPU = Debug|Any CPU
		Release|Any CPU = Release|Any CPU
	EndGlobalSection
	GlobalSection(ProjectConfigurationPlatforms) = postSolution
		{2E585DB7-31B3-4821-B20E-DA67F3A4CB1E}.Debug|Any CPU.ActiveCfg = Debug|Any CPU
		{2E585DB7-31B3-4821-B20E-DA67F3A4CB1E}.Debug|Any CPU.Build.0 = Debug|Any CPU
		{2E585DB7-31B3-4821-B20E-DA67F3A4CB1E}.Release|Any CPU.ActiveCfg = Release|Any CPU
		{2E585DB7-31B3-4821-B20E-DA67F3A4CB1E}.Release|Any CPU.Build.0 = Release|Any CPU
	EndGlobalSection
	GlobalSection(SolutionProperties) = preSolution
		HideSolutionNode = FALSE
	EndGlobalSection
EndGlobal
